github.com/FiloSottile/edwards25519 v1.1.0 h1:S4P8Svv6l4z9f8MGxpO7un9oPaUAgPXXHgFTTCprCAU=
github.com/FiloSottile/edwards25519 v1.1.0/go.mod h1:BxyFTGdWcka3PhytdK4V28tE5sGfRvvvRV7EaN4VDT4=
github.com/fxamacker/cbor/v2 v2.6.0 h1:sU6J2usfADwWlYDAFhZBQ6TnLFBHxgesMrQfQgk1tWA=
github.com/fxamacker/cbor/v2 v2.6.0/go.mod h1:pxXPTn3joSm21Gbwsv0w9OSA2y1HFR9qXEeXQVeNoDQ=
github.com/fyne-io/systray v1.11.0 h1:CehYDrTZrp8G1Htq9sN1l9csdl6/cWki7mrcor5BaCg=
github.com/fyne-io/systray v1.11.0/go.mod h1:RVwqP9nYMo7h5zViCBHri2FgjXF7H2cub7MAq4NSoLs=
github.com/go-json-experiment/json v0.0.0-20231102232822-2e55bd4e08b0 h1:ymLjT4f35nQbASLnvxEde4XOBL+Sn7rFuV+FOJqkljg=
github.com/go-json-experiment/json v0.0.0-20231102232822-2e55bd4e08b0/go.mod h1:6daplAwHHGbUGib4990V3Il26O0OC4aRyvewaaAihaA=
github.com/go4org/mem v0.0.0-20220726221520-4f986261bf13 h1:FX9U7SbGjsbWDr+yfMnGDJVjzDKkrRzz5fhnHg75nOw=
github.com/go4org/mem v0.0.0-20220726221520-4f986261bf13/go.mod h1:reUoABIJ9ikfM5sgtSF3Wushcza7+WeD01VB9Lirh3g=
github.com/go4org/netipx v0.0.0-20231129151722-fdeea329fbba h1:7bkOxA13bHnkTefbjdK3lupxp8yTSQQ5Kg441y9K3wI=
github.com/go4org/netipx v0.0.0-20231129151722-fdeea329fbba/go.mod h1:PLyyIXexvUFg3Owu6p/WfdlivPbZJsZdgWZlrGope/Y=
github.com/godbus/dbus/v5 v5.1.1-0.20230522191255-76236955d466 h1:sQspH8M4niEijh3PFscJRLDnkL547IeP7kpPe3uUhEg=
github.com/godbus/dbus/v5 v5.1.1-0.20230522191255-76236955d466/go.mod h1:ZiQxhyQ+bbbfxUKVvjfO498oPYvtYhZzycal3G/NHmU=
github.com/golang/crypto v0.28.0 h1:sUkSYV6iYqOdmUwZGQNhj6cPZEuUjTabT2+FIbb5Ngk=
github.com/golang/crypto v0.28.0/go.mod h1:rmgy+3RHxRZMyY0jjAJShp2zgEdOqj2AO7U0pYmeQ7U=
github.com/golang/exp v0.0.0-20240119083558-1b970713d09a h1:J2dTm9SVGZd4/a3cb2wyxIIdL7YpRsu/Dw58cvQJgnk=
github.com/golang/exp v0.0.0-20240119083558-1b970713d09a/go.mod h1:idGWGoKP1toJGkd5/ig9ZLuPcZBC3ewk7SzmH0uou08=
github.com/golang/net v0.30.0 h1:CNFsxoaYEp1dyUib0FP+vh/iVNHj9PpYcpNjZkmCzoM=
github.com/golang/net v0.30.0/go.mod h1:2wGyMJ5iFasEhkwi13ChkO/t1ECNC4X4eBKkVFyYFlU=
github.com/golang/sync v0.9.0 h1:sCdfkewoLz90cqjEMqA7AE/TG2+FGhmaNo9ZnuYanw8=
github.com/golang/sync v0.9.0/go.mod h1:Czt+wKu1gCyEFDUtn0jG5QVvpJ6rzVqr5aXyt9drQfk=
github.com/golang/sys v0.27.0 h1:N+9HlO9MKyu/VnWPA19fJW/mjjuvyp3MUQRQHQ5mFuI=
github.com/golang/sys v0.27.0/go.mod h1:/VUhepiaJMQUp4+oa/7Zr1D23ma6VTLIYjOOTFZPUcA=
github.com/golang/text v0.19.0 h1:73r10rh9pzYEsX2JBuqpJ7G2S0YgtA3ZJTZiBPW7kxE=
github.com/golang/text v0.19.0/go.mod h1:BuEKDfySbSR4drPmRPG/7iBdf8hvFMuRexcpahXilzY=
github.com/hdevalence/ed25519consensus v0.2.0 h1:37ICyZqdyj0lAZ8P4D1d1id3HqbbG1N3iBb1Tb4rdcU=
github.com/hdevalence/ed25519consensus v0.2.0/go.mod h1:w3BHWjwJbFU29IRHL1Iqkw3sus+7FctEyM4RqDxYNzo=
github.com/josharian/native v1.1.1-0.20230202152459-5c7d0dd6ab86 h1:elKwZS1OcdQ0WwEDBeqxKwb7WB62QX8bvZ/FJnVXIfk=
github.com/josharian/native v1.1.1-0.20230202152459-5c7d0dd6ab86/go.mod h1:aFAMtuldEgx/4q7iSGazk22+IcgvtiC+HIimFO9XlS8=
github.com/jsimonetti/rtnetlink v1.4.0 h1:Z1BF0fRgcETPEa0Kt0MRk3yV5+kF1FWTni6KUFKrq2I=
github.com/jsimonetti/rtnetlink v1.4.0/go.mod h1:5W1jDvWdnthFJ7fxYX1GMK07BUpI4oskfOqvPteYS6E=
github.com/mdlayher/netlink v1.7.2 h1:/UtM3ofJap7Vl4QWCPDGXY8d3GIY2UGSDbK+QWmY8/g=
github.com/mdlayher/netlink v1.7.2/go.mod h1:xraEF7uJbxLhc5fpHL4cPe221LI2bdttWlU+ZGLfQSw=
github.com/mdlayher/socket v0.5.0 h1:ilICZmJcQz70vrWVes1MFera4jGiWNocSkykwwoy3XI=
github.com/mdlayher/socket v0.5.0/go.mod h1:WkcBFfvyG8QENs5+hfQPl1X6Jpd2yeLIYgrGFmJiJxI=
github.com/mitchellh/go-ps v1.0.0 h1:i6ampVEEF4wQFF+bkYfwYgY+F/uYJDktmvLPf7qIgjc=
github.com/mitchellh/go-ps v1.0.0/go.mod h1:J4lOc8z8yJs6vUwklHw2XEIiT4z4C40KtWVN3nvg8Pg=
github.com/tailscale/tailscale v1.78.0 h1:jxqJjEC7e3kUmFAsxzPhfFvIC6BPCSU8xGjyec7kcHw=
github.com/tailscale/tailscale v1.78.0/go.mod h1:gT7ALbLFCr2YIu0kgc9Q3tBVaTlod65D2N6jMLH11Bk=
github.com/x448/float16 v0.8.4 h1:qLwI1I70+NjRFUR3zs1JPUCgaCXSh3SW62uAKT1mSBM=
github.com/x448/float16 v0.8.4/go.mod h1:14CWIYCyZA/cWjXOioeEpHeN/83MdbZDRQHoFcYsOfg=
